
Microsoft Visual Studio Solution File, Format Version 12.00
# Visual Studio Version 17
VisualStudioVersion = 17.12.35521.163
MinimumVisualStudioVersion = 10.0.40219.1
Project("{FAE04EC0-301F-11D3-BF4B-00C04F79EFBC}") = "Day1", "Day1\Day1.csproj", "{5363DABC-0977-4866-9F66-0859CEACCD3A}"
EndProject
Project("{FAE04EC0-301F-11D3-BF4B-00C04F79EFBC}") = "Day1 Part2", "Day1 Part2\Day1 Part2.csproj", "{609002DC-A45F-4E42-A252-16F2A5F2CC3D}"
EndProject
Project("{FAE04EC0-301F-11D3-BF4B-00C04F79EFBC}") = "Day2", "Day2\Day2.csproj", "{F498F1F3-F3EF-46B9-812A-5BA83D75FC6F}"
EndProject
Project("{FAE04EC0-301F-11D3-BF4B-00C04F79EFBC}") = "Day2 Part2", "Day2 Part2\Day2 Part2.csproj", "{50A80705-9C6A-46B7-A42C-98189F328B3E}"
EndProject
Project("{FAE04EC0-301F-11D3-BF4B-00C04F79EFBC}") = "Day3", "Day3\Day3.csproj", "{B66961D1-1C8C-4D48-834E-AC6EEC8BE55A}"
EndProject
Project("{FAE04EC0-301F-11D3-BF4B-00C04F79EFBC}") = "Day3 Part2", "Day3 Part2\Day3 Part2.csproj", "{4D3A1E38-A2BA-4EC8-A4B4-41FC8CACF81A}"
EndProject
Project("{FAE04EC0-301F-11D3-BF4B-00C04F79EFBC}") = "Day4", "Day4\Day4.csproj", "{47647203-C793-4F05-99B2-1FCA93D5F186}"
EndProject
Project("{FAE04EC0-301F-11D3-BF4B-00C04F79EFBC}") = "Day4 Part2", "Day4 Part2\Day4 Part2.csproj", "{F7A3D027-96E0-480D-9DD4-B487D3B976C1}"
EndProject
Project("{FAE04EC0-301F-11D3-BF4B-00C04F79EFBC}") = "Day5", "Day5\Day5.csproj", "{7F0941B4-AC11-48D4-BA69-8BB07F77B68D}"
EndProject
Project("{FAE04EC0-301F-11D3-BF4B-00C04F79EFBC}") = "Day5 Part2", "Day5 Part2\Day5 Part2.csproj", "{1E5751F0-D000-4BA4-88D4-2532F639EF9D}"
EndProject
Global
	GlobalSection(SolutionConfigurationPlatforms) = preSolution
		Debug|Any CPU = Debug|Any CPU
		Release|Any CPU = Release|Any CPU
	EndGlobalSection
	GlobalSection(ProjectConfigurationPlatforms) = postSolution
		{5363DABC-0977-4866-9F66-0859CEACCD3A}.Debug|Any CPU.ActiveCfg = Debug|Any CPU
		{5363DABC-0977-4866-9F66-0859CEACCD3A}.Debug|Any CPU.Build.0 = Debug|Any CPU
		{5363DABC-0977-4866-9F66-0859CEACCD3A}.Release|Any CPU.ActiveCfg = Release|Any CPU
		{5363DABC-0977-4866-9F66-0859CEACCD3A}.Release|Any CPU.Build.0 = Release|Any CPU
		{609002DC-A45F-4E42-A252-16F2A5F2CC3D}.Debug|Any CPU.ActiveCfg = Debug|Any CPU
		{609002DC-A45F-4E42-A252-16F2A5F2CC3D}.Debug|Any CPU.Build.0 = Debug|Any CPU
		{609002DC-A45F-4E42-A252-16F2A5F2CC3D}.Release|Any CPU.ActiveCfg = Release|Any CPU
		{609002DC-A45F-4E42-A252-16F2A5F2CC3D}.Release|Any CPU.Build.0 = Release|Any CPU
		{F498F1F3-F3EF-46B9-812A-5BA83D75FC6F}.Debug|Any CPU.ActiveCfg = Debug|Any CPU
		{F498F1F3-F3EF-46B9-812A-5BA83D75FC6F}.Debug|Any CPU.Build.0 = Debug|Any CPU
		{F498F1F3-F3EF-46B9-812A-5BA83D75FC6F}.Release|Any CPU.ActiveCfg = Release|Any CPU
		{F498F1F3-F3EF-46B9-812A-5BA83D75FC6F}.Release|Any CPU.Build.0 = Release|Any CPU
		{50A80705-9C6A-46B7-A42C-98189F328B3E}.Debug|Any CPU.ActiveCfg = Debug|Any CPU
		{50A80705-9C6A-46B7-A42C-98189F328B3E}.Debug|Any CPU.Build.0 = Debug|Any CPU
		{50A80705-9C6A-46B7-A42C-98189F328B3E}.Release|Any CPU.ActiveCfg = Release|Any CPU
		{50A80705-9C6A-46B7-A42C-98189F328B3E}.Release|Any CPU.Build.0 = Release|Any CPU
		{B66961D1-1C8C-4D48-834E-AC6EEC8BE55A}.Debug|Any CPU.ActiveCfg = Debug|Any CPU
		{B66961D1-1C8C-4D48-834E-AC6EEC8BE55A}.Debug|Any CPU.Build.0 = Debug|Any CPU
		{B66961D1-1C8C-4D48-834E-AC6EEC8BE55A}.Release|Any CPU.ActiveCfg = Release|Any CPU
		{B66961D1-1C8C-4D48-834E-AC6EEC8BE55A}.Release|Any CPU.Build.0 = Release|Any CPU
		{4D3A1E38-A2BA-4EC8-A4B4-41FC8CACF81A}.Debug|Any CPU.ActiveCfg = Debug|Any CPU
		{4D3A1E38-A2BA-4EC8-A4B4-41FC8CACF81A}.Debug|Any CPU.Build.0 = Debug|Any CPU
		{4D3A1E38-A2BA-4EC8-A4B4-41FC8CACF81A}.Release|Any CPU.ActiveCfg = Release|Any CPU
		{4D3A1E38-A2BA-4EC8-A4B4-41FC8CACF81A}.Release|Any CPU.Build.0 = Release|Any CPU
		{47647203-C793-4F05-99B2-1FCA93D5F186}.Debug|Any CPU.ActiveCfg = Debug|Any CPU
		{47647203-C793-4F05-99B2-1FCA93D5F186}.Debug|Any CPU.Build.0 = Debug|Any CPU
		{47647203-C793-4F05-99B2-1FCA93D5F186}.Release|Any CPU.ActiveCfg = Release|Any CPU
		{47647203-C793-4F05-99B2-1FCA93D5F186}.Release|Any CPU.Build.0 = Release|Any CPU
		{F7A3D027-96E0-480D-9DD4-B487D3B976C1}.Debug|Any CPU.ActiveCfg = Debug|Any CPU
		{F7A3D027-96E0-480D-9DD4-B487D3B976C1}.Debug|Any CPU.Build.0 = Debug|Any CPU
		{F7A3D027-96E0-480D-9DD4-B487D3B976C1}.Release|Any CPU.ActiveCfg = Release|Any CPU
		{F7A3D027-96E0-480D-9DD4-B487D3B976C1}.Release|Any CPU.Build.0 = Release|Any CPU
		{7F0941B4-AC11-48D4-BA69-8BB07F77B68D}.Debug|Any CPU.ActiveCfg = Debug|Any CPU
		{7F0941B4-AC11-48D4-BA69-8BB07F77B68D}.Debug|Any CPU.Build.0 = Debug|Any CPU
		{7F0941B4-AC11-48D4-BA69-8BB07F77B68D}.Release|Any CPU.ActiveCfg = Release|Any CPU
		{7F0941B4-AC11-48D4-BA69-8BB07F77B68D}.Release|Any CPU.Build.0 = Release|Any CPU
		{1E5751F0-D000-4BA4-88D4-2532F639EF9D}.Debug|Any CPU.ActiveCfg = Debug|Any CPU
		{1E5751F0-D000-4BA4-88D4-2532F639EF9D}.Debug|Any CPU.Build.0 = Debug|Any CPU
		{1E5751F0-D000-4BA4-88D4-2532F639EF9D}.Release|Any CPU.ActiveCfg = Release|Any CPU
		{1E5751F0-D000-4BA4-88D4-2532F639EF9D}.Release|Any CPU.Build.0 = Release|Any CPU
	EndGlobalSection
	GlobalSection(SolutionProperties) = preSolution
		HideSolutionNode = FALSE
	EndGlobalSection
EndGlobal
